
Microsoft Visual Studio Solution File, Format Version 12.00
# Visual Studio Version 17
VisualStudioVersion = 17.3.32901.215
MinimumVisualStudioVersion = 10.0.40219.1
Project("{FAE04EC0-301F-11D3-BF4B-00C04F79EFBC}") = "dialog örnek", "dialog örnek\dialog örnek.csproj", "{6C409A8A-B7B0-4118-BA3A-002A31A0347A}"
EndProject
Global
	GlobalSection(SolutionConfigurationPlatforms) = preSolution
		Debug|Any CPU = Debug|Any CPU
		Release|Any CPU = Release|Any CPU
	EndGlobalSection
	GlobalSection(ProjectConfigurationPlatforms) = postSolution
		{6C409A8A-B7B0-4118-BA3A-002A31A0347A}.Debug|Any CPU.ActiveCfg = Debug|Any CPU
		{6C409A8A-B7B0-4118-BA3A-002A31A0347A}.Debug|Any CPU.Build.0 = Debug|Any CPU
		{6C409A8A-B7B0-4118-BA3A-002A31A0347A}.Release|Any CPU.ActiveCfg = Release|Any CPU
		{6C409A8A-B7B0-4118-BA3A-002A31A0347A}.Release|Any CPU.Build.0 = Release|Any CPU
	EndGlobalSection
	GlobalSection(SolutionProperties) = preSolution
		HideSolutionNode = FALSE
	EndGlobalSection
	GlobalSection(ExtensibilityGlobals) = postSolution
		SolutionGuid = {392B978F-6ECF-48E7-A9C9-B3A8576A9CB4}
	EndGlobalSection
EndGlobal
